// !$*UTF8*$!
{
	archiveVersion = 1;
	classes = {
	};
	objectVersion = 46;
	objects = {

/* Begin PBXBuildFile section */
		2672D86A155DFD4000A0A94B /* UIKit.framework in Frameworks */ = {isa = PBXBuildFile; fileRef = 2672D869155DFD4000A0A94B /* UIKit.framework */; };
		2672D86C155DFD4000A0A94B /* Foundation.framework in Frameworks */ = {isa = PBXBuildFile; fileRef = 2672D86B155DFD4000A0A94B /* Foundation.framework */; };
		2672D86E155DFD4000A0A94B /* CoreGraphics.framework in Frameworks */ = {isa = PBXBuildFile; fileRef = 2672D86D155DFD4000A0A94B /* CoreGraphics.framework */; };
		2672D874155DFD4000A0A94B /* InfoPlist.strings in Resources */ = {isa = PBXBuildFile; fileRef = 2672D872155DFD4000A0A94B /* InfoPlist.strings */; };
		2672D876155DFD4000A0A94B /* main.m in Sources */ = {isa = PBXBuildFile; fileRef = 2672D875155DFD4000A0A94B /* main.m */; };
		2672D87A155DFD4000A0A94B /* AppDelegate.m in Sources */ = {isa = PBXBuildFile; fileRef = 2672D879155DFD4000A0A94B /* AppDelegate.m */; };
		2672D87D155DFD4000A0A94B /* ViewController.m in Sources */ = {isa = PBXBuildFile; fileRef = 2672D87C155DFD4000A0A94B /* ViewController.m */; };
		2672D880155DFD4000A0A94B /* ViewController_iPhone.xib in Resources */ = {isa = PBXBuildFile; fileRef = 2672D87E155DFD4000A0A94B /* ViewController_iPhone.xib */; };
		2672D883155DFD4000A0A94B /* ViewController_iPad.xib in Resources */ = {isa = PBXBuildFile; fileRef = 2672D881155DFD4000A0A94B /* ViewController_iPad.xib */; };
/* End PBXBuildFile section */

/* Begin PBXFileReference section */
		2672D865155DFD4000A0A94B /* Hobbit Name.app */ = {isa = PBXFileReference; explicitFileType = wrapper.application; includeInIndex = 0; path = "Hobbit Name.app"; sourceTree = BUILT_PRODUCTS_DIR; };
		2672D869155DFD4000A0A94B /* UIKit.framework */ = {isa = PBXFileReference; lastKnownFileType = wrapper.framework; name = UIKit.framework; path = System/Library/Frameworks/UIKit.framework; sourceTree = SDKROOT; };
		2672D86B155DFD4000A0A94B /* Foundation.framework */ = {isa = PBXFileReference; lastKnownFileType = wrapper.framework; name = Foundation.framework; path = System/Library/Frameworks/Foundation.framework; sourceTree = SDKROOT; };
		2672D86D155DFD4000A0A94B /* CoreGraphics.framework */ = {isa = PBXFileReference; lastKnownFileType = wrapper.framework; name = CoreGraphics.framework; path = System/Library/Frameworks/CoreGraphics.framework; sourceTree = SDKROOT; };
		2672D871155DFD4000A0A94B /* Hobbit Name-Info.plist */ = {isa = PBXFileReference; path = "Hobbit Name-Info.plist"; sourceTree = "<group>"; };
		2672D873155DFD4000A0A94B /* en */ = {isa = PBXFileReference; lastKnownFileType = text.plist.strings; name = en; path = en.lproj/InfoPlist.strings; sourceTree = "<group>"; };
		2672D875155DFD4000A0A94B /* main.m */ = {isa = PBXFileReference; lastKnownFileType = sourcecode.c.objc; path = main.m; sourceTree = "<group>"; };
		2672D877155DFD4000A0A94B /* Hobbit Name-Prefix.pch */ = {isa = PBXFileReference; path = "Hobbit Name-Prefix.pch"; sourceTree = "<group>"; };
		2672D878155DFD4000A0A94B /* AppDelegate.h */ = {isa = PBXFileReference; path = AppDelegate.h; sourceTree = "<group>"; };
		2672D879155DFD4000A0A94B /* AppDelegate.m */ = {isa = PBXFileReference; lastKnownFileType = sourcecode.c.objc; path = AppDelegate.m; sourceTree = "<group>"; };
		2672D87B155DFD4000A0A94B /* ViewController.h */ = {isa = PBXFileReference; path = ViewController.h; sourceTree = "<group>"; };
		2672D87C155DFD4000A0A94B /* ViewController.m */ = {isa = PBXFileReference; lastKnownFileType = sourcecode.c.objc; path = ViewController.m; sourceTree = "<group>"; };
		2672D87F155DFD4000A0A94B /* en */ = {isa = PBXFileReference; lastKnownFileType = file.xib; name = en; path = en.lproj/ViewController_iPhone.xib; sourceTree = "<group>"; };
		2672D882155DFD4000A0A94B /* en */ = {isa = PBXFileReference; lastKnownFileType = file.xib; name = en; path = en.lproj/ViewController_iPad.xib; sourceTree = "<group>"; };
/* End PBXFileReference section */

/* Begin PBXFrameworksBuildPhase section */
		2672D862155DFD4000A0A94B /* Frameworks */ = {
			isa = PBXFrameworksBuildPhase;
			buildActionMask = 2147483647;
			files = (
				2672D86A155DFD4000A0A94B /* UIKit.framework in Frameworks */,
				2672D86C155DFD4000A0A94B /* Foundation.framework in Frameworks */,
				2672D86E155DFD4000A0A94B /* CoreGraphics.framework in Frameworks */,
			);
			runOnlyForDeploymentPostprocessing = 0;
		};
/* End PBXFrameworksBuildPhase section */

/* Begin PBXGroup section */
		2672D85A155DFD4000A0A94B = {
			isa = PBXGroup;
			children = (
				2672D86F155DFD4000A0A94B /* Hobbit Name */,
				2672D868155DFD4000A0A94B /* Frameworks */,
				2672D866155DFD4000A0A94B /* Products */,
			);
			sourceTree = "<group>";
		};
		2672D866155DFD4000A0A94B /* Products */ = {
			isa = PBXGroup;
			children = (
				2672D865155DFD4000A0A94B /* Hobbit Name.app */,
			);
			name = Products;
			sourceTree = "<group>";
		};
		2672D868155DFD4000A0A94B /* Frameworks */ = {
			isa = PBXGroup;
			children = (
				2672D869155DFD4000A0A94B /* UIKit.framework */,
				2672D86B155DFD4000A0A94B /* Foundation.framework */,
				2672D86D155DFD4000A0A94B /* CoreGraphics.framework */,
			);
			name = Frameworks;
			sourceTree = "<group>";
		};
		2672D86F155DFD4000A0A94B /* Hobbit Name */ = {
			isa = PBXGroup;
			children = (
				2672D878155DFD4000A0A94B /* AppDelegate.h */,
				2672D879155DFD4000A0A94B /* AppDelegate.m */,
				2672D87B155DFD4000A0A94B /* ViewController.h */,
				2672D87C155DFD4000A0A94B /* ViewController.m */,
				2672D87E155DFD4000A0A94B /* ViewController_iPhone.xib */,
				2672D881155DFD4000A0A94B /* ViewController_iPad.xib */,
				2672D870155DFD4000A0A94B /* Supporting Files */,
			);
			path = "Hobbit Name";
			sourceTree = "<group>";
		};
		2672D870155DFD4000A0A94B /* Supporting Files */ = {
			isa = PBXGroup;
			children = (
				2672D871155DFD4000A0A94B /* Hobbit Name-Info.plist */,
				2672D872155DFD4000A0A94B /* InfoPlist.strings */,
				2672D875155DFD4000A0A94B /* main.m */,
				2672D877155DFD4000A0A94B /* Hobbit Name-Prefix.pch */,
			);
			name = "Supporting Files";
			sourceTree = "<group>";
		};
/* End PBXGroup section */

/* Begin PBXNativeTarget section */
		2672D864155DFD4000A0A94B /* Hobbit Name */ = {
			isa = PBXNativeTarget;
			buildConfigurationList = 2672D886155DFD4100A0A94B /* Build configuration list for PBXNativeTarget "Hobbit Name" */;
			buildPhases = (
				2672D861155DFD4000A0A94B /* Sources */,
				2672D862155DFD4000A0A94B /* Frameworks */,
				2672D863155DFD4000A0A94B /* Resources */,
			);
			buildRules = (
			);
			dependencies = (
			);
			name = "Hobbit Name";
			productName = "Hobbit Name";
			productReference = 2672D865155DFD4000A0A94B /* Hobbit Name.app */;
			productType = "com.apple.product-type.application";
		};
/* End PBXNativeTarget section */

/* Begin PBXProject section */
		2672D85C155DFD4000A0A94B /* Project object */ = {
			isa = PBXProject;
			attributes = {
				LastUpgradeCheck = 0420;
			};
			buildConfigurationList = 2672D85F155DFD4000A0A94B /* Build configuration list for PBXProject "Hobbit Name" */;
			compatibilityVersion = "Xcode 3.2";
			developmentRegion = English;
			hasScannedForEncodings = 0;
			knownRegions = (
				en,
			);
			mainGroup = 2672D85A155DFD4000A0A94B;
			productRefGroup = 2672D866155DFD4000A0A94B /* Products */;
			projectDirPath = "";
			projectRoot = "";
			targets = (
				2672D864155DFD4000A0A94B /* Hobbit Name */,
			);
		};
/* End PBXProject section */

/* Begin PBXResourcesBuildPhase section */
		2672D863155DFD4000A0A94B /* Resources */ = {
			isa = PBXResourcesBuildPhase;
			buildActionMask = 2147483647;
			files = (
				2672D874155DFD4000A0A94B /* InfoPlist.strings in Resources */,
				2672D880155DFD4000A0A94B /* ViewController_iPhone.xib in Resources */,
				2672D883155DFD4000A0A94B /* ViewController_iPad.xib in Resources */,
			);
			runOnlyForDeploymentPostprocessing = 0;
		};
/* End PBXResourcesBuildPhase section */

/* Begin PBXSourcesBuildPhase section */
		2672D861155DFD4000A0A94B /* Sources */ = {
			isa = PBXSourcesBuildPhase;
			buildActionMask = 2147483647;
			files = (
				2672D876155DFD4000A0A94B /* main.m in Sources */,
				2672D87A155DFD4000A0A94B /* AppDelegate.m in Sources */,
				2672D87D155DFD4000A0A94B /* ViewController.m in Sources */,
			);
			runOnlyForDeploymentPostprocessing = 0;
		};
/* End PBXSourcesBuildPhase section */

/* Begin PBXVariantGroup section */
		2672D872155DFD4000A0A94B /* InfoPlist.strings */ = {
			isa = PBXVariantGroup;
			children = (
				2672D873155DFD4000A0A94B /* en */,
			);
			name = InfoPlist.strings;
			sourceTree = "<group>";
		};
		2672D87E155DFD4000A0A94B /* ViewController_iPhone.xib */ = {
			isa = PBXVariantGroup;
			children = (
				2672D87F155DFD4000A0A94B /* en */,
			);
			name = ViewController_iPhone.xib;
			sourceTree = "<group>";
		};
		2672D881155DFD4000A0A94B /* ViewController_iPad.xib */ = {
			isa = PBXVariantGroup;
			children = (
				2672D882155DFD4000A0A94B /* en */,
			);
			name = ViewController_iPad.xib;
			sourceTree = "<group>";
		};
/* End PBXVariantGroup section */

/* Begin XCBuildConfiguration section */
		2672D884155DFD4100A0A94B /* Debug */ = {
			isa = XCBuildConfiguration;
			buildSettings = {
				ALWAYS_SEARCH_USER_PATHS = NO;
				ARCHS = "$(ARCHS_STANDARD_32_BIT)";
				"CODE_SIGN_IDENTITY[sdk=iphoneos*]" = "iPhone Developer";
				COPY_PHASE_STRIP = NO;
				GCC_C_LANGUAGE_STANDARD = gnu99;
				GCC_DYNAMIC_NO_PIC = NO;
				GCC_OPTIMIZATION_LEVEL = 0;
				GCC_PREPROCESSOR_DEFINITIONS = (
					"DEBUG=1",
					"$(inherited)",
				);
				GCC_SYMBOLS_PRIVATE_EXTERN = NO;
				GCC_VERSION = com.apple.compilers.llvm.clang.1_0;
				GCC_WARN_ABOUT_MISSING_PROTOTYPES = YES;
				GCC_WARN_ABOUT_RETURN_TYPE = YES;
				GCC_WARN_UNUSED_VARIABLE = YES;
				IPHONEOS_DEPLOYMENT_TARGET = 5.0;
				SDKROOT = iphoneos;
				TARGETED_DEVICE_FAMILY = "1,2";
			};
			name = Debug;
		};
		2672D885155DFD4100A0A94B /* Release */ = {
			isa = XCBuildConfiguration;
			buildSettings = {
				ALWAYS_SEARCH_USER_PATHS = NO;
				ARCHS = "$(ARCHS_STANDARD_32_BIT)";
				"CODE_SIGN_IDENTITY[sdk=iphoneos*]" = "iPhone Developer";
				COPY_PHASE_STRIP = YES;
				GCC_C_LANGUAGE_STANDARD = gnu99;
				GCC_VERSION = com.apple.compilers.llvm.clang.1_0;
				GCC_WARN_ABOUT_MISSING_PROTOTYPES = YES;
				GCC_WARN_ABOUT_RETURN_TYPE = YES;
				GCC_WARN_UNUSED_VARIABLE = YES;
				IPHONEOS_DEPLOYMENT_TARGET = 5.0;
				OTHER_CFLAGS = "-DNS_BLOCK_ASSERTIONS=1";
				SDKROOT = iphoneos;
				TARGETED_DEVICE_FAMILY = "1,2";
				VALIDATE_PRODUCT = YES;
			};
			name = Release;
		};
		2672D887155DFD4100A0A94B /* Debug */ = {
			isa = XCBuildConfiguration;
			buildSettings = {
				GCC_PRECOMPILE_PREFIX_HEADER = YES;
				GCC_PREFIX_HEADER = "Hobbit Name/Hobbit Name-Prefix.pch";
				INFOPLIST_FILE = "Hobbit Name/Hobbit Name-Info.plist";
				PRODUCT_NAME = "$(TARGET_NAME)";
				WRAPPER_EXTENSION = app;
			};
			name = Debug;
		};
		2672D888155DFD4100A0A94B /* Release */ = {
			isa = XCBuildConfiguration;
			buildSettings = {
				GCC_PRECOMPILE_PREFIX_HEADER = YES;
				GCC_PREFIX_HEADER = "Hobbit Name/Hobbit Name-Prefix.pch";
				INFOPLIST_FILE = "Hobbit Name/Hobbit Name-Info.plist";
				PRODUCT_NAME = "$(TARGET_NAME)";
				WRAPPER_EXTENSION = app;
			};
			name = Release;
		};
/* End XCBuildConfiguration section */

/* Begin XCConfigurationList section */
		2672D85F155DFD4000A0A94B /* Build configuration list for PBXProject "Hobbit Name" */ = {
			isa = XCConfigurationList;
			buildConfigurations = (
				2672D884155DFD4100A0A94B /* Debug */,
				2672D885155DFD4100A0A94B /* Release */,
			);
			defaultConfigurationIsVisible = 0;
			defaultConfigurationName = Release;
		};
		2672D886155DFD4100A0A94B /* Build configuration list for PBXNativeTarget "Hobbit Name" */ = {
			isa = XCConfigurationList;
			buildConfigurations = (
				2672D887155DFD4100A0A94B /* Debug */,
				2672D888155DFD4100A0A94B /* Release */,
			);
			defaultConfigurationIsVisible = 0;
		};
/* End XCConfigurationList section */
	};
	rootObject = 2672D85C155DFD4000A0A94B /* Project object */;
}
